
Microsoft Visual Studio Solution File, Format Version 12.00
# Visual Studio Version 16
VisualStudioVersion = 16.0.31205.134
MinimumVisualStudioVersion = 10.0.40219.1
Project("{FAE04EC0-301F-11D3-BF4B-00C04F79EFBC}") = "LeonardoSanchezSemana6.Android", "LeonardoSanchezSemana6.Android\LeonardoSanchezSemana6.Android.csproj", "{D651F788-102D-4426-809F-74827967E914}"
EndProject
Project("{FAE04EC0-301F-11D3-BF4B-00C04F79EFBC}") = "LeonardoSanchezSemana6.iOS", "LeonardoSanchezSemana6.iOS\LeonardoSanchezSemana6.iOS.csproj", "{28490AF6-7789-474A-8781-D205B2D5E796}"
EndProject
Project("{FAE04EC0-301F-11D3-BF4B-00C04F79EFBC}") = "LeonardoSanchezSemana6", "LeonardoSanchezSemana6\LeonardoSanchezSemana6.csproj", "{536819ED-E14E-4C18-A3BA-DF84649CB791}"
EndProject
Global
	GlobalSection(SolutionConfigurationPlatforms) = preSolution
		Debug|Any CPU = Debug|Any CPU
		Debug|iPhone = Debug|iPhone
		Debug|iPhoneSimulator = Debug|iPhoneSimulator
		Release|Any CPU = Release|Any CPU
		Release|iPhone = Release|iPhone
		Release|iPhoneSimulator = Release|iPhoneSimulator
	EndGlobalSection
	GlobalSection(ProjectConfigurationPlatforms) = postSolution
		{D651F788-102D-4426-809F-74827967E914}.Debug|Any CPU.ActiveCfg = Debug|Any CPU
		{D651F788-102D-4426-809F-74827967E914}.Debug|Any CPU.Build.0 = Debug|Any CPU
		{D651F788-102D-4426-809F-74827967E914}.Debug|Any CPU.Deploy.0 = Debug|Any CPU
		{D651F788-102D-4426-809F-74827967E914}.Debug|iPhone.ActiveCfg = Debug|Any CPU
		{D651F788-102D-4426-809F-74827967E914}.Debug|iPhone.Build.0 = Debug|Any CPU
		{D651F788-102D-4426-809F-74827967E914}.Debug|iPhone.Deploy.0 = Debug|Any CPU
		{D651F788-102D-4426-809F-74827967E914}.Debug|iPhoneSimulator.ActiveCfg = Debug|Any CPU
		{D651F788-102D-4426-809F-74827967E914}.Debug|iPhoneSimulator.Build.0 = Debug|Any CPU
		{D651F788-102D-4426-809F-74827967E914}.Debug|iPhoneSimulator.Deploy.0 = Debug|Any CPU
		{D651F788-102D-4426-809F-74827967E914}.Release|Any CPU.ActiveCfg = Release|Any CPU
		{D651F788-102D-4426-809F-74827967E914}.Release|Any CPU.Build.0 = Release|Any CPU
		{D651F788-102D-4426-809F-74827967E914}.Release|Any CPU.Deploy.0 = Release|Any CPU
		{D651F788-102D-4426-809F-74827967E914}.Release|iPhone.ActiveCfg = Release|Any CPU
		{D651F788-102D-4426-809F-74827967E914}.Release|iPhone.Build.0 = Release|Any CPU
		{D651F788-102D-4426-809F-74827967E914}.Release|iPhone.Deploy.0 = Release|Any CPU
		{D651F788-102D-4426-809F-74827967E914}.Release|iPhoneSimulator.ActiveCfg = Release|Any CPU
		{D651F788-102D-4426-809F-74827967E914}.Release|iPhoneSimulator.Build.0 = Release|Any CPU
		{D651F788-102D-4426-809F-74827967E914}.Release|iPhoneSimulator.Deploy.0 = Release|Any CPU
		{28490AF6-7789-474A-8781-D205B2D5E796}.Debug|Any CPU.ActiveCfg = Debug|iPhone
		{28490AF6-7789-474A-8781-D205B2D5E796}.Debug|Any CPU.Build.0 = Debug|iPhone
		{28490AF6-7789-474A-8781-D205B2D5E796}.Debug|Any CPU.Deploy.0 = Debug|iPhone
		{28490AF6-7789-474A-8781-D205B2D5E796}.Debug|iPhone.ActiveCfg = Debug|iPhone
		{28490AF6-7789-474A-8781-D205B2D5E796}.Debug|iPhone.Build.0 = Debug|iPhone
		{28490AF6-7789-474A-8781-D205B2D5E796}.Debug|iPhone.Deploy.0 = Debug|iPhone
		{28490AF6-7789-474A-8781-D205B2D5E796}.Debug|iPhoneSimulator.ActiveCfg = Debug|iPhoneSimulator
		{28490AF6-7789-474A-8781-D205B2D5E796}.Debug|iPhoneSimulator.Build.0 = Debug|iPhoneSimulator
		{28490AF6-7789-474A-8781-D205B2D5E796}.Debug|iPhoneSimulator.Deploy.0 = Debug|iPhoneSimulator
		{28490AF6-7789-474A-8781-D205B2D5E796}.Release|Any CPU.ActiveCfg = Release|iPhoneSimulator
		{28490AF6-7789-474A-8781-D205B2D5E796}.Release|Any CPU.Build.0 = Release|iPhoneSimulator
		{28490AF6-7789-474A-8781-D205B2D5E796}.Release|Any CPU.Deploy.0 = Release|iPhoneSimulator
		{28490AF6-7789-474A-8781-D205B2D5E796}.Release|iPhone.ActiveCfg = Release|iPhone
		{28490AF6-7789-474A-8781-D205B2D5E796}.Release|iPhone.Build.0 = Release|iPhone
		{28490AF6-7789-474A-8781-D205B2D5E796}.Release|iPhone.Deploy.0 = Release|iPhone
		{28490AF6-7789-474A-8781-D205B2D5E796}.Release|iPhoneSimulator.ActiveCfg = Release|iPhoneSimulator
		{28490AF6-7789-474A-8781-D205B2D5E796}.Release|iPhoneSimulator.Build.0 = Release|iPhoneSimulator
		{28490AF6-7789-474A-8781-D205B2D5E796}.Release|iPhoneSimulator.Deploy.0 = Release|iPhoneSimulator
		{536819ED-E14E-4C18-A3BA-DF84649CB791}.Debug|Any CPU.ActiveCfg = Debug|Any CPU
		{536819ED-E14E-4C18-A3BA-DF84649CB791}.Debug|Any CPU.Build.0 = Debug|Any CPU
		{536819ED-E14E-4C18-A3BA-DF84649CB791}.Debug|Any CPU.Deploy.0 = Debug|Any CPU
		{536819ED-E14E-4C18-A3BA-DF84649CB791}.Debug|iPhone.ActiveCfg = Debug|Any CPU
		{536819ED-E14E-4C18-A3BA-DF84649CB791}.Debug|iPhone.Build.0 = Debug|Any CPU
		{536819ED-E14E-4C18-A3BA-DF84649CB791}.Debug|iPhone.Deploy.0 = Debug|Any CPU
		{536819ED-E14E-4C18-A3BA-DF84649CB791}.Debug|iPhoneSimulator.ActiveCfg = Debug|Any CPU
		{536819ED-E14E-4C18-A3BA-DF84649CB791}.Debug|iPhoneSimulator.Build.0 = Debug|Any CPU
		{536819ED-E14E-4C18-A3BA-DF84649CB791}.Debug|iPhoneSimulator.Deploy.0 = Debug|Any CPU
		{536819ED-E14E-4C18-A3BA-DF84649CB791}.Release|Any CPU.ActiveCfg = Release|Any CPU
		{536819ED-E14E-4C18-A3BA-DF84649CB791}.Release|Any CPU.Build.0 = Release|Any CPU
		{536819ED-E14E-4C18-A3BA-DF84649CB791}.Release|Any CPU.Deploy.0 = Release|Any CPU
		{536819ED-E14E-4C18-A3BA-DF84649CB791}.Release|iPhone.ActiveCfg = Release|Any CPU
		{536819ED-E14E-4C18-A3BA-DF84649CB791}.Release|iPhone.Build.0 = Release|Any CPU
		{536819ED-E14E-4C18-A3BA-DF84649CB791}.Release|iPhone.Deploy.0 = Release|Any CPU
		{536819ED-E14E-4C18-A3BA-DF84649CB791}.Release|iPhoneSimulator.ActiveCfg = Release|Any CPU
		{536819ED-E14E-4C18-A3BA-DF84649CB791}.Release|iPhoneSimulator.Build.0 = Release|Any CPU
		{536819ED-E14E-4C18-A3BA-DF84649CB791}.Release|iPhoneSimulator.Deploy.0 = Release|Any CPU
	EndGlobalSection
	GlobalSection(SolutionProperties) = preSolution
		HideSolutionNode = FALSE
	EndGlobalSection
	GlobalSection(ExtensibilityGlobals) = postSolution
		SolutionGuid = {69569AB0-9715-44A8-B54D-E8E07DB942CF}
	EndGlobalSection
EndGlobal
